
Microsoft Visual Studio Solution File, Format Version 12.00
# Visual Studio Version 16
VisualStudioVersion = 16.0.29230.61
MinimumVisualStudioVersion = 10.0.40219.1
Project("{2150E333-8FDC-42A3-9474-1A3956D46DE8}") = "src", "src", "{A5154E3B-762A-4720-A947-C7A3EA25835A}"
EndProject
Project("{2150E333-8FDC-42A3-9474-1A3956D46DE8}") = "test", "test", "{46C13455-622B-44B6-A129-F96EADAD24C8}"
EndProject
Project("{2150E333-8FDC-42A3-9474-1A3956D46DE8}") = "Solution Items", "Solution Items", "{92DBA67A-D9B9-4867-9519-DD846F47ED5C}"
	ProjectSection(SolutionItems) = preProject
		.gitignore = .gitignore
		appveyor.build.yml = appveyor.build.yml
		appveyor.yml = appveyor.yml
		build.ps1 = build.ps1
		build.xml = build.xml
		LICENSE = LICENSE
		Nuget.config = Nuget.config
		README.md = README.md
		tests.ps1 = tests.ps1
	EndProjectSection
EndProject
Project("{9A19103F-16F7-4668-BE54-9A1E7A4F7556}") = "Smidge", "src\Smidge\Smidge.csproj", "{C304B5B8-0750-4B60-B6D0-06208639D560}"
EndProject
Project("{9A19103F-16F7-4668-BE54-9A1E7A4F7556}") = "Smidge.Tests", "test\Smidge.Tests\Smidge.Tests.csproj", "{8C286364-9589-4B52-818E-657A9B12C172}"
EndProject
Project("{9A19103F-16F7-4668-BE54-9A1E7A4F7556}") = "Smidge.Web", "src\Smidge.Web\Smidge.Web.csproj", "{89D8D7E5-4145-4A7E-A41A-EEDCB5FA7AE7}"
EndProject
Project("{9A19103F-16F7-4668-BE54-9A1E7A4F7556}") = "Smidge.Nuglify", "src\Smidge.Nuglify\Smidge.Nuglify.csproj", "{8CBB999A-D071-4B95-B973-E1ECB8661333}"
EndProject
Project("{9A19103F-16F7-4668-BE54-9A1E7A4F7556}") = "Smidge.Benchmarks", "test\Smidge.Benchmarks\Smidge.Benchmarks.csproj", "{8AA76B60-A92C-41C8-A045-06433E33C40C}"
EndProject
Project("{9A19103F-16F7-4668-BE54-9A1E7A4F7556}") = "Smidge.InMemory", "src\Smidge.InMemory\Smidge.InMemory.csproj", "{8DA3D33D-A59C-4982-B1F8-A6AFEA07EDD3}"
EndProject
Global
	GlobalSection(SolutionConfigurationPlatforms) = preSolution
		Debug|Any CPU = Debug|Any CPU
		Release|Any CPU = Release|Any CPU
	EndGlobalSection
	GlobalSection(ProjectConfigurationPlatforms) = postSolution
		{C304B5B8-0750-4B60-B6D0-06208639D560}.Debug|Any CPU.ActiveCfg = Debug|Any CPU
		{C304B5B8-0750-4B60-B6D0-06208639D560}.Debug|Any CPU.Build.0 = Debug|Any CPU
		{C304B5B8-0750-4B60-B6D0-06208639D560}.Release|Any CPU.ActiveCfg = Release|Any CPU
		{C304B5B8-0750-4B60-B6D0-06208639D560}.Release|Any CPU.Build.0 = Release|Any CPU
		{8C286364-9589-4B52-818E-657A9B12C172}.Debug|Any CPU.ActiveCfg = Debug|Any CPU
		{8C286364-9589-4B52-818E-657A9B12C172}.Debug|Any CPU.Build.0 = Debug|Any CPU
		{8C286364-9589-4B52-818E-657A9B12C172}.Release|Any CPU.ActiveCfg = Release|Any CPU
		{8C286364-9589-4B52-818E-657A9B12C172}.Release|Any CPU.Build.0 = Release|Any CPU
		{89D8D7E5-4145-4A7E-A41A-EEDCB5FA7AE7}.Debug|Any CPU.ActiveCfg = Debug|Any CPU
		{89D8D7E5-4145-4A7E-A41A-EEDCB5FA7AE7}.Debug|Any CPU.Build.0 = Debug|Any CPU
		{89D8D7E5-4145-4A7E-A41A-EEDCB5FA7AE7}.Release|Any CPU.ActiveCfg = Release|Any CPU
		{89D8D7E5-4145-4A7E-A41A-EEDCB5FA7AE7}.Release|Any CPU.Build.0 = Release|Any CPU
		{8CBB999A-D071-4B95-B973-E1ECB8661333}.Debug|Any CPU.ActiveCfg = Debug|Any CPU
		{8CBB999A-D071-4B95-B973-E1ECB8661333}.Debug|Any CPU.Build.0 = Debug|Any CPU
		{8CBB999A-D071-4B95-B973-E1ECB8661333}.Release|Any CPU.ActiveCfg = Release|Any CPU
		{8CBB999A-D071-4B95-B973-E1ECB8661333}.Release|Any CPU.Build.0 = Release|Any CPU
		{8AA76B60-A92C-41C8-A045-06433E33C40C}.Debug|Any CPU.ActiveCfg = Debug|Any CPU
		{8AA76B60-A92C-41C8-A045-06433E33C40C}.Debug|Any CPU.Build.0 = Debug|Any CPU
		{8AA76B60-A92C-41C8-A045-06433E33C40C}.Release|Any CPU.ActiveCfg = Release|Any CPU
		{8AA76B60-A92C-41C8-A045-06433E33C40C}.Release|Any CPU.Build.0 = Release|Any CPU
		{8DA3D33D-A59C-4982-B1F8-A6AFEA07EDD3}.Debug|Any CPU.ActiveCfg = Debug|Any CPU
		{8DA3D33D-A59C-4982-B1F8-A6AFEA07EDD3}.Debug|Any CPU.Build.0 = Debug|Any CPU
		{8DA3D33D-A59C-4982-B1F8-A6AFEA07EDD3}.Release|Any CPU.ActiveCfg = Release|Any CPU
		{8DA3D33D-A59C-4982-B1F8-A6AFEA07EDD3}.Release|Any CPU.Build.0 = Release|Any CPU
	EndGlobalSection
	GlobalSection(SolutionProperties) = preSolution
		HideSolutionNode = FALSE
	EndGlobalSection
	GlobalSection(NestedProjects) = preSolution
		{C304B5B8-0750-4B60-B6D0-06208639D560} = {A5154E3B-762A-4720-A947-C7A3EA25835A}
		{8C286364-9589-4B52-818E-657A9B12C172} = {46C13455-622B-44B6-A129-F96EADAD24C8}
		{89D8D7E5-4145-4A7E-A41A-EEDCB5FA7AE7} = {A5154E3B-762A-4720-A947-C7A3EA25835A}
		{8CBB999A-D071-4B95-B973-E1ECB8661333} = {A5154E3B-762A-4720-A947-C7A3EA25835A}
		{8AA76B60-A92C-41C8-A045-06433E33C40C} = {46C13455-622B-44B6-A129-F96EADAD24C8}
		{8DA3D33D-A59C-4982-B1F8-A6AFEA07EDD3} = {A5154E3B-762A-4720-A947-C7A3EA25835A}
	EndGlobalSection
	GlobalSection(ExtensibilityGlobals) = postSolution
		SolutionGuid = {A0EB5714-BE56-4F17-B40A-8E8FADFDF503}
	EndGlobalSection
EndGlobal
