<Solution>
  <Configurations>
    <Platform Name="Any CPU" />
    <Platform Name="x64" />
    <Platform Name="x86" />
  </Configurations>
  <Folder Name="/Solution Items/">
    <File Path=".editorconfig" />
    <File Path=".github/workflows/build.yml" />
    <File Path=".github/workflows/test-report.yml" />
    <File Path=".gitignore" />
    <File Path="GitVersion.yml.bak" />
    <File Path="LICENSE" />
    <File Path="Nuget.config" />
    <File Path="README.md" />
    <File Path="src/Directory.Build.props" />
  </Folder>
  <Folder Name="/src/">
    <Project Path="src/Smidge.Core/Smidge.Core.csproj" />
    <Project Path="src/Smidge.InMemory/Smidge.InMemory.csproj" />
    <Project Path="src/Smidge.Web/Smidge.Web.csproj" />
    <Project Path="src/Smidge/Smidge.csproj" />
  </Folder>
  <Folder Name="/test/">
    <Project Path="test/Smidge.Integration.Tests/Smidge.Integration.Tests.csproj" />
    <Project Path="test/Smidge.Tests/Smidge.Tests.csproj" />
  </Folder>
</Solution>
