
Microsoft Visual Studio Solution File, Format Version 12.00
# Visual Studio 14
VisualStudioVersion = 14.0.25123.0
MinimumVisualStudioVersion = 10.0.40219.1
Project("{2150E333-8FDC-42A3-9474-1A3956D46DE8}") = "src", "src", "{A5154E3B-762A-4720-A947-C7A3EA25835A}"
EndProject
Project("{2150E333-8FDC-42A3-9474-1A3956D46DE8}") = "test", "test", "{46C13455-622B-44B6-A129-F96EADAD24C8}"
EndProject
Project("{2150E333-8FDC-42A3-9474-1A3956D46DE8}") = "Solution Items", "Solution Items", "{92DBA67A-D9B9-4867-9519-DD846F47ED5C}"
	ProjectSection(SolutionItems) = preProject
		.gitignore = .gitignore
		build.ps1 = build.ps1
		global.json = global.json
		LICENSE = LICENSE
		Nuget.config = Nuget.config
		README.md = README.md
		tests.ps1 = tests.ps1
	EndProjectSection
EndProject
Project("{8BB2217D-0F2D-49D1-97BC-3654ED321F3B}") = "Smidge", "src\Smidge\Smidge.xproj", "{C304B5B8-0750-4B60-B6D0-06208639D560}"
EndProject
Project("{8BB2217D-0F2D-49D1-97BC-3654ED321F3B}") = "Smidge.Tests", "test\Smidge.Tests\Smidge.Tests.xproj", "{8C286364-9589-4B52-818E-657A9B12C172}"
EndProject
Project("{8BB2217D-0F2D-49D1-97BC-3654ED321F3B}") = "Smidge.Web", "src\Smidge.Web\Smidge.Web.xproj", "{89D8D7E5-4145-4A7E-A41A-EEDCB5FA7AE7}"
EndProject
Global
	GlobalSection(SolutionConfigurationPlatforms) = preSolution
		Debug|Any CPU = Debug|Any CPU
		Release|Any CPU = Release|Any CPU
	EndGlobalSection
	GlobalSection(ProjectConfigurationPlatforms) = postSolution
		{C304B5B8-0750-4B60-B6D0-06208639D560}.Debug|Any CPU.ActiveCfg = Debug|Any CPU
		{C304B5B8-0750-4B60-B6D0-06208639D560}.Debug|Any CPU.Build.0 = Debug|Any CPU
		{C304B5B8-0750-4B60-B6D0-06208639D560}.Release|Any CPU.ActiveCfg = Release|Any CPU
		{C304B5B8-0750-4B60-B6D0-06208639D560}.Release|Any CPU.Build.0 = Release|Any CPU
		{8C286364-9589-4B52-818E-657A9B12C172}.Debug|Any CPU.ActiveCfg = Debug|Any CPU
		{8C286364-9589-4B52-818E-657A9B12C172}.Debug|Any CPU.Build.0 = Debug|Any CPU
		{8C286364-9589-4B52-818E-657A9B12C172}.Release|Any CPU.ActiveCfg = Release|Any CPU
		{8C286364-9589-4B52-818E-657A9B12C172}.Release|Any CPU.Build.0 = Release|Any CPU
		{89D8D7E5-4145-4A7E-A41A-EEDCB5FA7AE7}.Debug|Any CPU.ActiveCfg = Debug|Any CPU
		{89D8D7E5-4145-4A7E-A41A-EEDCB5FA7AE7}.Debug|Any CPU.Build.0 = Debug|Any CPU
		{89D8D7E5-4145-4A7E-A41A-EEDCB5FA7AE7}.Release|Any CPU.ActiveCfg = Release|Any CPU
		{89D8D7E5-4145-4A7E-A41A-EEDCB5FA7AE7}.Release|Any CPU.Build.0 = Release|Any CPU
	EndGlobalSection
	GlobalSection(SolutionProperties) = preSolution
		HideSolutionNode = FALSE
	EndGlobalSection
	GlobalSection(NestedProjects) = preSolution
		{C304B5B8-0750-4B60-B6D0-06208639D560} = {A5154E3B-762A-4720-A947-C7A3EA25835A}
		{8C286364-9589-4B52-818E-657A9B12C172} = {46C13455-622B-44B6-A129-F96EADAD24C8}
		{89D8D7E5-4145-4A7E-A41A-EEDCB5FA7AE7} = {A5154E3B-762A-4720-A947-C7A3EA25835A}
	EndGlobalSection
EndGlobal
